
Microsoft Visual Studio Solution File, Format Version 12.00
# Visual Studio Version 16
VisualStudioVersion = 16.0.30717.126
MinimumVisualStudioVersion = 10.0.40219.1
Project("{9A19103F-16F7-4668-BE54-9A1E7A4F7556}") = "SMA.Backup.BackupSource", "SMA.Backup.BackupSource\SMA.Backup.BackupSource.csproj", "{712102F8-AF8A-44DE-9926-8BBFAAE7B2B4}"
EndProject
Project("{FAE04EC0-301F-11D3-BF4B-00C04F79EFBC}") = "SMA.Backup.Util", "SMA.Backup.Util\SMA.Backup.Util.csproj", "{50A09B22-65DA-42CA-93F4-E18BA250E587}"
EndProject
Project("{9A19103F-16F7-4668-BE54-9A1E7A4F7556}") = "SMA.Backup.Runtime", "SMA.Backup.Runtime\SMA.Backup.Runtime.csproj", "{9CF06442-9037-40B7-BF5A-0CA7312CF37F}"
EndProject
Project("{9A19103F-16F7-4668-BE54-9A1E7A4F7556}") = "SMA.Backup.Common", "SMA.Backup.Common\SMA.Backup.Common.csproj", "{F01E7E75-BA5D-4CAF-AD9E-515F4F622B79}"
EndProject
Project("{9A19103F-16F7-4668-BE54-9A1E7A4F7556}") = "SMA.Backup.Destination", "SMA.Backup.Destination\SMA.Backup.Destination.csproj", "{5BAE6DA8-21C4-4F14-AEDE-BC56AD87F08D}"
EndProject
Global
	GlobalSection(SolutionConfigurationPlatforms) = preSolution
		Debug|Any CPU = Debug|Any CPU
		Release|Any CPU = Release|Any CPU
	EndGlobalSection
	GlobalSection(ProjectConfigurationPlatforms) = postSolution
		{712102F8-AF8A-44DE-9926-8BBFAAE7B2B4}.Debug|Any CPU.ActiveCfg = Debug|Any CPU
		{712102F8-AF8A-44DE-9926-8BBFAAE7B2B4}.Debug|Any CPU.Build.0 = Debug|Any CPU
		{712102F8-AF8A-44DE-9926-8BBFAAE7B2B4}.Release|Any CPU.ActiveCfg = Release|Any CPU
		{712102F8-AF8A-44DE-9926-8BBFAAE7B2B4}.Release|Any CPU.Build.0 = Release|Any CPU
		{774D5655-55E1-48C4-B1C0-E7BA2ABCE59C}.Debug|Any CPU.ActiveCfg = Debug|Any CPU
		{774D5655-55E1-48C4-B1C0-E7BA2ABCE59C}.Debug|Any CPU.Build.0 = Debug|Any CPU
		{774D5655-55E1-48C4-B1C0-E7BA2ABCE59C}.Release|Any CPU.ActiveCfg = Release|Any CPU
		{774D5655-55E1-48C4-B1C0-E7BA2ABCE59C}.Release|Any CPU.Build.0 = Release|Any CPU
		{50A09B22-65DA-42CA-93F4-E18BA250E587}.Debug|Any CPU.ActiveCfg = Debug|Any CPU
		{50A09B22-65DA-42CA-93F4-E18BA250E587}.Debug|Any CPU.Build.0 = Debug|Any CPU
		{50A09B22-65DA-42CA-93F4-E18BA250E587}.Release|Any CPU.ActiveCfg = Release|Any CPU
		{50A09B22-65DA-42CA-93F4-E18BA250E587}.Release|Any CPU.Build.0 = Release|Any CPU
		{9CF06442-9037-40B7-BF5A-0CA7312CF37F}.Debug|Any CPU.ActiveCfg = Debug|Any CPU
		{9CF06442-9037-40B7-BF5A-0CA7312CF37F}.Debug|Any CPU.Build.0 = Debug|Any CPU
		{9CF06442-9037-40B7-BF5A-0CA7312CF37F}.Release|Any CPU.ActiveCfg = Release|Any CPU
		{9CF06442-9037-40B7-BF5A-0CA7312CF37F}.Release|Any CPU.Build.0 = Release|Any CPU
		{F01E7E75-BA5D-4CAF-AD9E-515F4F622B79}.Debug|Any CPU.ActiveCfg = Debug|Any CPU
		{F01E7E75-BA5D-4CAF-AD9E-515F4F622B79}.Debug|Any CPU.Build.0 = Debug|Any CPU
		{F01E7E75-BA5D-4CAF-AD9E-515F4F622B79}.Release|Any CPU.ActiveCfg = Release|Any CPU
		{F01E7E75-BA5D-4CAF-AD9E-515F4F622B79}.Release|Any CPU.Build.0 = Release|Any CPU
		{FBBE31BE-AE20-46C8-B347-3EDE2E12DF63}.Debug|Any CPU.ActiveCfg = Debug|Any CPU
		{FBBE31BE-AE20-46C8-B347-3EDE2E12DF63}.Debug|Any CPU.Build.0 = Debug|Any CPU
		{FBBE31BE-AE20-46C8-B347-3EDE2E12DF63}.Release|Any CPU.ActiveCfg = Release|Any CPU
		{FBBE31BE-AE20-46C8-B347-3EDE2E12DF63}.Release|Any CPU.Build.0 = Release|Any CPU
		{5BAE6DA8-21C4-4F14-AEDE-BC56AD87F08D}.Debug|Any CPU.ActiveCfg = Debug|Any CPU
		{5BAE6DA8-21C4-4F14-AEDE-BC56AD87F08D}.Debug|Any CPU.Build.0 = Debug|Any CPU
		{5BAE6DA8-21C4-4F14-AEDE-BC56AD87F08D}.Release|Any CPU.ActiveCfg = Release|Any CPU
		{5BAE6DA8-21C4-4F14-AEDE-BC56AD87F08D}.Release|Any CPU.Build.0 = Release|Any CPU
	EndGlobalSection
	GlobalSection(SolutionProperties) = preSolution
		HideSolutionNode = FALSE
	EndGlobalSection
	GlobalSection(ExtensibilityGlobals) = postSolution
		SolutionGuid = {DEAF7A0E-9716-44DC-85B3-DD94A7C907D4}
	EndGlobalSection
EndGlobal
